
Microsoft Visual Studio Solution File, Format Version 12.00
# Visual Studio 15
VisualStudioVersion = 15.0.27703.2047
MinimumVisualStudioVersion = 10.0.40219.1
Project("{8BC9CEB8-8B4A-11D0-8D11-00A0C91BC942}") = "1.Setup", "Open_GL\Open_GL.vcxproj", "{FE63AB35-760D-4DFD-AA3D-C8AED728A6CA}"
EndProject
Project("{8BC9CEB8-8B4A-11D0-8D11-00A0C91BC942}") = "IntroductionApplication", "PracticeSetup\PracticeSetup.vcxproj", "{CBD6DF65-464E-4923-8BDF-980FE5E68EF9}"
EndProject
Project("{8BC9CEB8-8B4A-11D0-8D11-00A0C91BC942}") = "PracticeWindow", "PracticeWindow\PracticeWindow.vcxproj", "{2073C143-BE0E-413D-A870-D115F12E9919}"
EndProject
Project("{8BC9CEB8-8B4A-11D0-8D11-00A0C91BC942}") = "Bootstrap", "Bootstrap\Bootstrap.vcxproj", "{533D72BB-9C27-4756-94EB-6BE8C1072AFA}"
EndProject
Global
	GlobalSection(SolutionConfigurationPlatforms) = preSolution
		Debug|x64 = Debug|x64
		Debug|x86 = Debug|x86
		Release|x64 = Release|x64
		Release|x86 = Release|x86
	EndGlobalSection
	GlobalSection(ProjectConfigurationPlatforms) = postSolution
		{FE63AB35-760D-4DFD-AA3D-C8AED728A6CA}.Debug|x64.ActiveCfg = Debug|x64
		{FE63AB35-760D-4DFD-AA3D-C8AED728A6CA}.Debug|x64.Build.0 = Debug|x64
		{FE63AB35-760D-4DFD-AA3D-C8AED728A6CA}.Debug|x86.ActiveCfg = Debug|Win32
		{FE63AB35-760D-4DFD-AA3D-C8AED728A6CA}.Debug|x86.Build.0 = Debug|Win32
		{FE63AB35-760D-4DFD-AA3D-C8AED728A6CA}.Release|x64.ActiveCfg = Release|x64
		{FE63AB35-760D-4DFD-AA3D-C8AED728A6CA}.Release|x64.Build.0 = Release|x64
		{FE63AB35-760D-4DFD-AA3D-C8AED728A6CA}.Release|x86.ActiveCfg = Release|Win32
		{FE63AB35-760D-4DFD-AA3D-C8AED728A6CA}.Release|x86.Build.0 = Release|Win32
		{CBD6DF65-464E-4923-8BDF-980FE5E68EF9}.Debug|x64.ActiveCfg = Debug|x64
		{CBD6DF65-464E-4923-8BDF-980FE5E68EF9}.Debug|x64.Build.0 = Debug|x64
		{CBD6DF65-464E-4923-8BDF-980FE5E68EF9}.Debug|x86.ActiveCfg = Debug|Win32
		{CBD6DF65-464E-4923-8BDF-980FE5E68EF9}.Debug|x86.Build.0 = Debug|Win32
		{CBD6DF65-464E-4923-8BDF-980FE5E68EF9}.Release|x64.ActiveCfg = Release|x64
		{CBD6DF65-464E-4923-8BDF-980FE5E68EF9}.Release|x64.Build.0 = Release|x64
		{CBD6DF65-464E-4923-8BDF-980FE5E68EF9}.Release|x86.ActiveCfg = Release|Win32
		{CBD6DF65-464E-4923-8BDF-980FE5E68EF9}.Release|x86.Build.0 = Release|Win32
		{2073C143-BE0E-413D-A870-D115F12E9919}.Debug|x64.ActiveCfg = Debug|x64
		{2073C143-BE0E-413D-A870-D115F12E9919}.Debug|x64.Build.0 = Debug|x64
		{2073C143-BE0E-413D-A870-D115F12E9919}.Debug|x86.ActiveCfg = Debug|Win32
		{2073C143-BE0E-413D-A870-D115F12E9919}.Debug|x86.Build.0 = Debug|Win32
		{2073C143-BE0E-413D-A870-D115F12E9919}.Release|x64.ActiveCfg = Release|x64
		{2073C143-BE0E-413D-A870-D115F12E9919}.Release|x64.Build.0 = Release|x64
		{2073C143-BE0E-413D-A870-D115F12E9919}.Release|x86.ActiveCfg = Release|Win32
		{2073C143-BE0E-413D-A870-D115F12E9919}.Release|x86.Build.0 = Release|Win32
		{533D72BB-9C27-4756-94EB-6BE8C1072AFA}.Debug|x64.ActiveCfg = Debug|x64
		{533D72BB-9C27-4756-94EB-6BE8C1072AFA}.Debug|x64.Build.0 = Debug|x64
		{533D72BB-9C27-4756-94EB-6BE8C1072AFA}.Debug|x86.ActiveCfg = Debug|Win32
		{533D72BB-9C27-4756-94EB-6BE8C1072AFA}.Debug|x86.Build.0 = Debug|Win32
		{533D72BB-9C27-4756-94EB-6BE8C1072AFA}.Release|x64.ActiveCfg = Release|x64
		{533D72BB-9C27-4756-94EB-6BE8C1072AFA}.Release|x64.Build.0 = Release|x64
		{533D72BB-9C27-4756-94EB-6BE8C1072AFA}.Release|x86.ActiveCfg = Release|Win32
		{533D72BB-9C27-4756-94EB-6BE8C1072AFA}.Release|x86.Build.0 = Release|Win32
	EndGlobalSection
	GlobalSection(SolutionProperties) = preSolution
		HideSolutionNode = FALSE
	EndGlobalSection
	GlobalSection(ExtensibilityGlobals) = postSolution
		SolutionGuid = {E8AA2A0E-4A0D-4A0B-BC04-AC8C1A4D0494}
	EndGlobalSection
EndGlobal
